PODS:
  - Alamofire (4.9.1)
  - AlamofireObjectMapper (5.2.1):
    - Alamofire (~> 4.7)
    - ObjectMapper (~> 3.4)
  - Kingfisher (4.10.1)
  - ObjectMapper (3.5.1)
  - R.swift (5.1.0):
    - R.swift.Library (~> 5.1.0)
  - R.swift.Library (5.1.0)
  - Result (4.1.0)
  - Reusable (4.1.0):
    - Reusable/Storyboard (= 4.1.0)
    - Reusable/View (= 4.1.0)
  - Reusable/Storyboard (4.1.0)
  - Reusable/View (4.1.0)
  - SwiftFormat (0.42.0):
    - SwiftFormat/Core (= 0.42.0)
  - SwiftFormat/Core (0.42.0)
  - SwiftLint (0.38.0)

DEPENDENCIES:
  - Alamofire
  - AlamofireObjectMapper
  - Kingfisher
  - ObjectMapper
  - R.swift
  - Result (= 4.1.0)
  - Reusable
  - SwiftFormat
  - SwiftLint

SPEC REPOS:
  trunk:
    - Alamofire
    - AlamofireObjectMapper
    - Kingfisher
    - ObjectMapper
    - R.swift
    - R.swift.Library
    - Result
    - Reusable
    - SwiftFormat
    - SwiftLint

SPEC CHECKSUMS:
  Alamofire: 85e8a02c69d6020a0d734f6054870d7ecb75cf18
  AlamofireObjectMapper: 1989f690e982b71921b9253f53a4f33a9bc00d88
  Kingfisher: c148cd7b47ebde9989f6bc7c27dcaa79d81279a0
  ObjectMapper: 70187b8941977c62ccfb423caf6b50be405cabf0
  R.swift: 8cbc4fc69b740305b6a17c8a8ed968eb788962d9
  R.swift.Library: fa85ce1e0d0b7e818cd9e080df910ba54d2776cc
  Result: bd966fac789cc6c1563440b348ab2598cc24d5c7
  Reusable: 82be188f29d96dc5eff0db7b2393bcc08d2cdd5b
  SwiftFormat: 5faa819600268dfaa5c19f1359730883db151678
  SwiftLint: 4105f061f9812b214568b736dab580ab2c73a582

PODFILE CHECKSUM: bd2dd4770e97168dd6fd061c0caa8d76a239b689

COCOAPODS: 1.8.4
